
Microsoft Visual Studio Solution File, Format Version 12.00
# Visual Studio Version 17
VisualStudioVersion = 17.3.32825.248
MinimumVisualStudioVersion = 10.0.40219.1
Project("{9A19103F-16F7-4668-BE54-9A1E7A4F7556}") = "TeltonikaBackEndTask", "TeltonikaBackEndTask.csproj", "{D1E99C1F-A42D-402C-9720-AD5A097992C5}"
EndProject
Project("{FAE04EC0-301F-11D3-BF4B-00C04F79EFBC}") = "TeltonikaBackEndTask.Tests", "..\TeltonikaBackEndTask.Tests\TeltonikaBackEndTask.Tests.csproj", "{A4981548-93AA-486D-864E-9EE0638EC11D}"
EndProject
Global
	GlobalSection(SolutionConfigurationPlatforms) = preSolution
		Debug|Any CPU = Debug|Any CPU
		Release|Any CPU = Release|Any CPU
	EndGlobalSection
	GlobalSection(ProjectConfigurationPlatforms) = postSolution
		{D1E99C1F-A42D-402C-9720-AD5A097992C5}.Debug|Any CPU.ActiveCfg = Debug|Any CPU
		{D1E99C1F-A42D-402C-9720-AD5A097992C5}.Debug|Any CPU.Build.0 = Debug|Any CPU
		{D1E99C1F-A42D-402C-9720-AD5A097992C5}.Release|Any CPU.ActiveCfg = Release|Any CPU
		{D1E99C1F-A42D-402C-9720-AD5A097992C5}.Release|Any CPU.Build.0 = Release|Any CPU
		{A4981548-93AA-486D-864E-9EE0638EC11D}.Debug|Any CPU.ActiveCfg = Debug|Any CPU
		{A4981548-93AA-486D-864E-9EE0638EC11D}.Debug|Any CPU.Build.0 = Debug|Any CPU
		{A4981548-93AA-486D-864E-9EE0638EC11D}.Release|Any CPU.ActiveCfg = Release|Any CPU
		{A4981548-93AA-486D-864E-9EE0638EC11D}.Release|Any CPU.Build.0 = Release|Any CPU
	EndGlobalSection
	GlobalSection(SolutionProperties) = preSolution
		HideSolutionNode = FALSE
	EndGlobalSection
	GlobalSection(ExtensibilityGlobals) = postSolution
		SolutionGuid = {83D76733-57C3-4243-9EDB-F58FFF530242}
	EndGlobalSection
EndGlobal
